
Microsoft Visual Studio Solution File, Format Version 12.00
# Visual Studio Version 17
VisualStudioVersion = 17.2.32516.85
MinimumVisualStudioVersion = 10.0.40219.1
Project("{9A19103F-16F7-4668-BE54-9A1E7A4F7556}") = "upack", "upack\upack.csproj", "{D9A2522F-5256-4383-A55D-529E1D04F2BC}"
EndProject
Global
	GlobalSection(SolutionConfigurationPlatforms) = preSolution
		Debug|Any CPU = Debug|Any CPU
		Release|Any CPU = Release|Any CPU
	EndGlobalSection
	GlobalSection(ProjectConfigurationPlatforms) = postSolution
		{D9A2522F-5256-4383-A55D-529E1D04F2BC}.Debug|Any CPU.ActiveCfg = Debug|Any CPU
		{D9A2522F-5256-4383-A55D-529E1D04F2BC}.Debug|Any CPU.Build.0 = Debug|Any CPU
		{D9A2522F-5256-4383-A55D-529E1D04F2BC}.Release|Any CPU.ActiveCfg = Release|Any CPU
		{D9A2522F-5256-4383-A55D-529E1D04F2BC}.Release|Any CPU.Build.0 = Release|Any CPU
	EndGlobalSection
	GlobalSection(SolutionProperties) = preSolution
		HideSolutionNode = FALSE
	EndGlobalSection
	GlobalSection(ExtensibilityGlobals) = postSolution
		SolutionGuid = {87009DB0-65A4-4D32-BFF1-F1FB93AFABD9}
	EndGlobalSection
EndGlobal
